schema: '2.0'
stages:
  data_ingestion:
    cmd: python src/data_ingestion.py
    deps:
    - path: src/data_ingestion.py
      hash: md5
      md5: ada57a7374842265b9a718ba3c743c4b
      size: 2685
    outs:
    - path: data/raw/spam.csv
      hash: md5
      md5: 008dcf9ca6aab621d3b3831db6815867
      size: 503663
  preprocessing:
    cmd: python src/preprocessing.py
    deps:
    - path: data/raw/spam.csv
      hash: md5
      md5: 008dcf9ca6aab621d3b3831db6815867
      size: 503663
    - path: src/preprocessing.py
      hash: md5
      md5: c1290a8bdc033d3d3202683e9e89302a
      size: 5523
    outs:
    - path: data/interim/preprocessed_spam.csv
      hash: md5
      md5: f906299079682c8e9b00bd36a2f5ef21
      size: 805358
  feature_engineering:
    cmd: python src/feature_engineering.py
    deps:
    - path: data/interim/preprocessed_spam.csv
      hash: md5
      md5: f906299079682c8e9b00bd36a2f5ef21
      size: 805358
    - path: src/feature_engineering.py
      hash: md5
      md5: e22244e9c6bfb0a7c5394acd20a3a541
      size: 6089
    params:
      params.yaml:
        feature_engineering:
          max_features: 900
          ngram_range:
          - 1
          - 2
          min_df: 2
        split:
          test_size: 0.25
          random_state: 42
    outs:
    - path: data/processed/X_test.pkl
      hash: md5
      md5: ce3a9f6d64586712b39ca9883452a01e
      size: 81745
    - path: data/processed/X_train.pkl
      hash: md5
      md5: ae365b92d4343718971d53f364d9f192
      size: 256315
    - path: data/processed/tfidf_vectorizer.pkl
      hash: md5
      md5: 60ede5f6d15df5f2aeb569cf17a75b9a
      size: 32775
    - path: data/processed/y_test.pkl
      hash: md5
      md5: 5edafb64d647d0dff58fc088a57fa8b6
      size: 31631
    - path: data/processed/y_train.pkl
      hash: md5
      md5: 60df6c5d92e6a2ad7d330dae8245b80b
      size: 93608
  model_training:
    cmd: python src/model_training.py
    deps:
    - path: data/processed/X_train.pkl
      hash: md5
      md5: ae365b92d4343718971d53f364d9f192
      size: 256315
    - path: data/processed/y_train.pkl
      hash: md5
      md5: 60df6c5d92e6a2ad7d330dae8245b80b
      size: 93608
    - path: src/model_training.py
      hash: md5
      md5: d15892ae3a583c4dd6be2e1cb0cb44be
      size: 5506
    params:
      params.yaml:
        model:
          type: naive_bayes
          alpha: 1.0
    outs:
    - path: models/spam_classifier.pkl
      hash: md5
      md5: 3f0f2414edee8d92a3c2d0945d8a63ef
      size: 29399
  model_evaluation:
    cmd: python src/model_evaluation.py
    deps:
    - path: data/processed/X_test.pkl
      hash: md5
      md5: ce3a9f6d64586712b39ca9883452a01e
      size: 81745
    - path: data/processed/y_test.pkl
      hash: md5
      md5: 5edafb64d647d0dff58fc088a57fa8b6
      size: 31631
    - path: models/spam_classifier.pkl
      hash: md5
      md5: 3f0f2414edee8d92a3c2d0945d8a63ef
      size: 29399
    - path: src/model_evaluation.py
      hash: md5
      md5: afecbe243ca9289ca0a6dfff40e24b50
      size: 8078
    outs:
    - path: dvclive/plots/metrics
      hash: md5
      md5: 5371d3854ee5262f674be68dde43ed47.dir
      size: 293
      nfiles: 9
    - path: metrics/metrics.json
      hash: md5
      md5: 26f682c5f5a54d37fc417ad395dcc29f
      size: 184
